
Microsoft Visual Studio Solution File, Format Version 12.00
# Visual Studio 2012
Project("{FAE04EC0-301F-11D3-BF4B-00C04F79EFBC}") = "ConsoleApplication3", "ConsoleApplication3\ConsoleApplication3.csproj", "{D8BAC81B-4620-48BA-9F65-0EBC1AE97FD5}"
EndProject
Global
	GlobalSection(SolutionConfigurationPlatforms) = preSolution
		Debug|Any CPU = Debug|Any CPU
		Release|Any CPU = Release|Any CPU
	EndGlobalSection
	GlobalSection(ProjectConfigurationPlatforms) = postSolution
		{D8BAC81B-4620-48BA-9F65-0EBC1AE97FD5}.Debug|Any CPU.ActiveCfg = Debug|Any CPU
		{D8BAC81B-4620-48BA-9F65-0EBC1AE97FD5}.Debug|Any CPU.Build.0 = Debug|Any CPU
		{D8BAC81B-4620-48BA-9F65-0EBC1AE97FD5}.Release|Any CPU.ActiveCfg = Release|Any CPU
		{D8BAC81B-4620-48BA-9F65-0EBC1AE97FD5}.Release|Any CPU.Build.0 = Release|Any CPU
	EndGlobalSection
	GlobalSection(SolutionProperties) = preSolution
		HideSolutionNode = FALSE
	EndGlobalSection
EndGlobal
