
Microsoft Visual Studio Solution File, Format Version 12.00
# Visual Studio 2012
Project("{FAE04EC0-301F-11D3-BF4B-00C04F79EFBC}") = "Example2", "Example2\Example2.csproj", "{0CCEEF93-E25E-445D-A25A-39095C6CA980}"
EndProject
Global
	GlobalSection(SolutionConfigurationPlatforms) = preSolution
		Debug|Any CPU = Debug|Any CPU
		Release|Any CPU = Release|Any CPU
	EndGlobalSection
	GlobalSection(ProjectConfigurationPlatforms) = postSolution
		{0CCEEF93-E25E-445D-A25A-39095C6CA980}.Debug|Any CPU.ActiveCfg = Debug|Any CPU
		{0CCEEF93-E25E-445D-A25A-39095C6CA980}.Debug|Any CPU.Build.0 = Debug|Any CPU
		{0CCEEF93-E25E-445D-A25A-39095C6CA980}.Release|Any CPU.ActiveCfg = Release|Any CPU
		{0CCEEF93-E25E-445D-A25A-39095C6CA980}.Release|Any CPU.Build.0 = Release|Any CPU
	EndGlobalSection
	GlobalSection(SolutionProperties) = preSolution
		HideSolutionNode = FALSE
	EndGlobalSection
EndGlobal
