
Microsoft Visual Studio Solution File, Format Version 12.00
# Visual Studio 2012
Project("{FAE04EC0-301F-11D3-BF4B-00C04F79EFBC}") = "WpfApplication4", "WpfApplication4\WpfApplication4.csproj", "{ABF563F8-BB5F-436B-A822-AE008BCA8362}"
EndProject
Global
	GlobalSection(SolutionConfigurationPlatforms) = preSolution
		Debug|Any CPU = Debug|Any CPU
		Release|Any CPU = Release|Any CPU
	EndGlobalSection
	GlobalSection(ProjectConfigurationPlatforms) = postSolution
		{ABF563F8-BB5F-436B-A822-AE008BCA8362}.Debug|Any CPU.ActiveCfg = Debug|Any CPU
		{ABF563F8-BB5F-436B-A822-AE008BCA8362}.Debug|Any CPU.Build.0 = Debug|Any CPU
		{ABF563F8-BB5F-436B-A822-AE008BCA8362}.Release|Any CPU.ActiveCfg = Release|Any CPU
		{ABF563F8-BB5F-436B-A822-AE008BCA8362}.Release|Any CPU.Build.0 = Release|Any CPU
	EndGlobalSection
	GlobalSection(SolutionProperties) = preSolution
		HideSolutionNode = FALSE
	EndGlobalSection
EndGlobal
