
Microsoft Visual Studio Solution File, Format Version 12.00
# Visual Studio 2012
Project("{FAE04EC0-301F-11D3-BF4B-00C04F79EFBC}") = "UserDefinedException_RelatedToString", "UserDefinedException_RelatedToString\UserDefinedException_RelatedToString.csproj", "{0FA4CA3B-F5C1-4FA0-82DE-8A590700C450}"
EndProject
Global
	GlobalSection(SolutionConfigurationPlatforms) = preSolution
		Debug|Any CPU = Debug|Any CPU
		Release|Any CPU = Release|Any CPU
	EndGlobalSection
	GlobalSection(ProjectConfigurationPlatforms) = postSolution
		{0FA4CA3B-F5C1-4FA0-82DE-8A590700C450}.Debug|Any CPU.ActiveCfg = Debug|Any CPU
		{0FA4CA3B-F5C1-4FA0-82DE-8A590700C450}.Debug|Any CPU.Build.0 = Debug|Any CPU
		{0FA4CA3B-F5C1-4FA0-82DE-8A590700C450}.Release|Any CPU.ActiveCfg = Release|Any CPU
		{0FA4CA3B-F5C1-4FA0-82DE-8A590700C450}.Release|Any CPU.Build.0 = Release|Any CPU
	EndGlobalSection
	GlobalSection(SolutionProperties) = preSolution
		HideSolutionNode = FALSE
	EndGlobalSection
EndGlobal
